<?xml version="1.0" encoding="utf-8"?>
<Project ToolsVersion="4.0" xmlns="http://schemas.microsoft.com/developer/msbuild/2003">
  <ItemGroup>
    <Filter Include="Source Files">
      <UniqueIdentifier>{4FC737F1-C7A5-4376-A066-2A32D752A2FF}</UniqueIdentifier>
      <Extensions>cpp;c;cc;cxx;def;odl;idl;hpj;bat;asm;asmx</Extensions>
    </Filter>
    <Filter Include="Header Files">
      <UniqueIdentifier>{93995380-89BD-4b04-88EB-625FBE52EBFB}</UniqueIdentifier>
      <Extensions>h;hpp;hxx;hm;inl;inc;xsd</Extensions>
    </Filter>
    <Filter Include="Resource Files">
      <UniqueIdentifier>{67DA6AB6-F800-4c08-8B7A-83BB121AAD01}</UniqueIdentifier>
      <Extensions>rc;ico;cur;bmp;dlg;rc2;rct;bin;rgs;gif;jpg;jpeg;jpe;resx;tiff;tif;png;wav;mfcribbon-ms</Extensions>
    </Filter>
  </ItemGroup>
  <ItemGroup>
    <None Include="ReadMe.txt" />
  </ItemGroup>
  <ItemGroup>
    <ClCompile Include="FexWrite.cpp">
      <Filter>Source Files</Filter>
    </ClCompile>
    <ClCompile Include="main.cpp">
      <Filter>Source Files</Filter>
    </ClCompile>
    <ClCompile Include="address.c">
      <Filter>Source Files</Filter>
    </ClCompile>
    <ClCompile Include="imgutil.c">
      <Filter>Source Files</Filter>
    </ClCompile>
    <ClCompile Include="inter.c">
      <Filter>Source Files</Filter>
    </ClCompile>
    <ClCompile Include="intra.c">
      <Filter>Source Files</Filter>
    </ClCompile>
    <ClCompile Include="nhood.c">
      <Filter>Source Files</Filter>
    </ClCompile>
    <ClCompile Include="vopio.c">
      <Filter>Source Files</Filter>
    </ClCompile>
    <ClCompile Include="ColorLayout.cpp">
      <Filter>Source Files</Filter>
    </ClCompile>
    <ClCompile Include="ColorLayoutExtraction.cpp">
      <Filter>Source Files</Filter>
    </ClCompile>
    <ClCompile Include="ColorQuant.cpp">
      <Filter>Source Files</Filter>
    </ClCompile>
    <ClCompile Include="ColorSpace.cpp">
      <Filter>Source Files</Filter>
    </ClCompile>
    <ClCompile Include="ColorSpaceExtraction.cpp">
      <Filter>Source Files</Filter>
    </ClCompile>
    <ClCompile Include="ColorStructure.cpp">
      <Filter>Source Files</Filter>
    </ClCompile>
    <ClCompile Include="ColorStructureExtraction.cpp">
      <Filter>Source Files</Filter>
    </ClCompile>
    <ClCompile Include="ContourShape.cpp">
      <Filter>Source Files</Filter>
    </ClCompile>
    <ClCompile Include="ContourShapeExtraction.cpp">
      <Filter>Source Files</Filter>
    </ClCompile>
    <ClCompile Include="Convert.cpp">
      <Filter>Source Files</Filter>
    </ClCompile>
    <ClCompile Include="DominantColor.cpp">
      <Filter>Source Files</Filter>
    </ClCompile>
    <ClCompile Include="DominantColorExtraction.cpp">
      <Filter>Source Files</Filter>
    </ClCompile>
    <ClCompile Include="EdgeHist.cpp">
      <Filter>Source Files</Filter>
    </ClCompile>
    <ClCompile Include="EdgeHistExtraction.cpp">
      <Filter>Source Files</Filter>
    </ClCompile>
    <ClCompile Include="FaceRecognition.cpp">
      <Filter>Source Files</Filter>
    </ClCompile>
    <ClCompile Include="FaceRecognitionExtraction.cpp">
      <Filter>Source Files</Filter>
    </ClCompile>
    <ClCompile Include="Feature.cpp">
      <Filter>Source Files</Filter>
    </ClCompile>
    <ClCompile Include="Frame.cpp">
      <Filter>Source Files</Filter>
    </ClCompile>
    <ClCompile Include="GoFGoPColorExtraction.cpp">
      <Filter>Source Files</Filter>
    </ClCompile>
    <ClCompile Include="homo_texture_extractor.cpp">
      <Filter>Source Files</Filter>
    </ClCompile>
    <ClCompile Include="HomoTexture.cpp">
      <Filter>Source Files</Filter>
    </ClCompile>
    <ClCompile Include="HomoTextureExtraction.cpp">
      <Filter>Source Files</Filter>
    </ClCompile>
    <ClCompile Include="RegionShape.cpp">
      <Filter>Source Files</Filter>
    </ClCompile>
    <ClCompile Include="RegionShapeExtraction.cpp">
      <Filter>Source Files</Filter>
    </ClCompile>
    <ClCompile Include="ScalableColor.cpp">
      <Filter>Source Files</Filter>
    </ClCompile>
    <ClCompile Include="ScalableColorExtraction.cpp">
      <Filter>Source Files</Filter>
    </ClCompile>
    <ClCompile Include="stdafx.cpp">
      <Filter>Source Files</Filter>
    </ClCompile>
    <ClCompile Include="tpl.c">
      <Filter>Source Files</Filter>
    </ClCompile>
    <ClCompile Include="win\mmap.c">
      <Filter>Source Files</Filter>
    </ClCompile>
  </ItemGroup>
  <ItemGroup>
    <ClInclude Include="FexWrite.h">
      <Filter>Header Files</Filter>
    </ClInclude>
    <ClInclude Include="Convert.h">
      <Filter>Header Files</Filter>
    </ClInclude>
    <ClInclude Include="Descriptors.h">
      <Filter>Header Files</Filter>
    </ClInclude>
    <ClInclude Include="Feature.h">
      <Filter>Header Files</Filter>
    </ClInclude>
    <ClInclude Include="Frame.h">
      <Filter>Header Files</Filter>
    </ClInclude>
    <ClInclude Include="AddressLib\address.h">
      <Filter>Header Files</Filter>
    </ClInclude>
    <ClInclude Include="AddressLib\inter.h">
      <Filter>Header Files</Filter>
    </ClInclude>
    <ClInclude Include="AddressLib\intra.h">
      <Filter>Header Files</Filter>
    </ClInclude>
    <ClInclude Include="AddressLib\momusys.h">
      <Filter>Header Files</Filter>
    </ClInclude>
    <ClInclude Include="AddressLib\nhood.h">
      <Filter>Header Files</Filter>
    </ClInclude>
    <ClInclude Include="AddressLib\vopio.h">
      <Filter>Header Files</Filter>
    </ClInclude>
    <ClInclude Include="Descriptors\ColorLayout.h">
      <Filter>Header Files</Filter>
    </ClInclude>
    <ClInclude Include="Descriptors\ColorQuant.h">
      <Filter>Header Files</Filter>
    </ClInclude>
    <ClInclude Include="Descriptors\ColorSpace.h">
      <Filter>Header Files</Filter>
    </ClInclude>
    <ClInclude Include="Descriptors\ColorStructure.h">
      <Filter>Header Files</Filter>
    </ClInclude>
    <ClInclude Include="Descriptors\ContourShape.h">
      <Filter>Header Files</Filter>
    </ClInclude>
    <ClInclude Include="Descriptors\DominantColor.h">
      <Filter>Header Files</Filter>
    </ClInclude>
    <ClInclude Include="Descriptors\EdgeHist.h">
      <Filter>Header Files</Filter>
    </ClInclude>
    <ClInclude Include="Descriptors\FaceRecognition.h">
      <Filter>Header Files</Filter>
    </ClInclude>
    <ClInclude Include="Descriptors\HomoTexture.h">
      <Filter>Header Files</Filter>
    </ClInclude>
    <ClInclude Include="Descriptors\RegionShape.h">
      <Filter>Header Files</Filter>
    </ClInclude>
    <ClInclude Include="Descriptors\ScalableColor.h">
      <Filter>Header Files</Filter>
    </ClInclude>
    <ClInclude Include="Extraction\ColorLayoutExtraction.h">
      <Filter>Header Files</Filter>
    </ClInclude>
    <ClInclude Include="Extraction\ColorSpaceExtraction.h">
      <Filter>Header Files</Filter>
    </ClInclude>
    <ClInclude Include="Extraction\ColorStructureExtraction.h">
      <Filter>Header Files</Filter>
    </ClInclude>
    <ClInclude Include="Extraction\ContourShapeExtraction.h">
      <Filter>Header Files</Filter>
    </ClInclude>
    <ClInclude Include="Extraction\DominantColorExtraction.h">
      <Filter>Header Files</Filter>
    </ClInclude>
    <ClInclude Include="Extraction\EdgeHistExtraction.h">
      <Filter>Header Files</Filter>
    </ClInclude>
    <ClInclude Include="Extraction\EigenFaceData.h">
      <Filter>Header Files</Filter>
    </ClInclude>
    <ClInclude Include="Extraction\FaceRecognitionExtraction.h">
      <Filter>Header Files</Filter>
    </ClInclude>
    <ClInclude Include="Extraction\GoFGoPColorExtraction.h">
      <Filter>Header Files</Filter>
    </ClInclude>
    <ClInclude Include="Extraction\homo_texture_extractor.h">
      <Filter>Header Files</Filter>
    </ClInclude>
    <ClInclude Include="Extraction\HomoTextureExtraction.h">
      <Filter>Header Files</Filter>
    </ClInclude>
    <ClInclude Include="Extraction\imgutil.h">
      <Filter>Header Files</Filter>
    </ClInclude>
    <ClInclude Include="Extraction\RegionShapeExtraction.h">
      <Filter>Header Files</Filter>
    </ClInclude>
    <ClInclude Include="Extraction\ScalableColorExtraction.h">
      <Filter>Header Files</Filter>
    </ClInclude>
    <ClInclude Include="win\mman.h">
      <Filter>Header Files</Filter>
    </ClInclude>
    <ClInclude Include="tpl.h">
      <Filter>Header Files</Filter>
    </ClInclude>
  </ItemGroup>
</Project>